// !$*UTF8*$!
{
	archiveVersion = 1;
	classes = {
	};
	objectVersion = 48;
	objects = {

/* Begin PBXBuildFile section */
		C33D38CE20E2AE5A00C42025 /* AppDelegate.swift in Sources */ = {isa = PBXBuildFile; fileRef = C33D38CD20E2AE5A00C42025 /* AppDelegate.swift */; };
		C33D38D320E2AE5A00C42025 /* Main.storyboard in Resources */ = {isa = PBXBuildFile; fileRef = C33D38D120E2AE5A00C42025 /* Main.storyboard */; };
		C33D38D520E2AE5A00C42025 /* Assets.xcassets in Resources */ = {isa = PBXBuildFile; fileRef = C33D38D420E2AE5A00C42025 /* Assets.xcassets */; };
		C33D38D820E2AE5A00C42025 /* LaunchScreen.storyboard in Resources */ = {isa = PBXBuildFile; fileRef = C33D38D620E2AE5A00C42025 /* LaunchScreen.storyboard */; };
		C33D38E320E2AE5A00C42025 /* emojiDictionaryTests.swift in Sources */ = {isa = PBXBuildFile; fileRef = C33D38E220E2AE5A00C42025 /* emojiDictionaryTests.swift */; };
		C33D38EE20E2AE5A00C42025 /* emojiDictionaryUITests.swift in Sources */ = {isa = PBXBuildFile; fileRef = C33D38ED20E2AE5A00C42025 /* emojiDictionaryUITests.swift */; };
		C33D38FE20E2B62600C42025 /* Emoji.swift in Sources */ = {isa = PBXBuildFile; fileRef = C33D38FD20E2B62600C42025 /* Emoji.swift */; };
		C33D390220E2BC1100C42025 /* EmojiTableViewController.swift in Sources */ = {isa = PBXBuildFile; fileRef = C33D390120E2BC1100C42025 /* EmojiTableViewController.swift */; };
/* End PBXBuildFile section */

/* Begin PBXContainerItemProxy section */
		C33D38DF20E2AE5A00C42025 /* PBXContainerItemProxy */ = {
			isa = PBXContainerItemProxy;
			containerPortal = C33D38C220E2AE5A00C42025 /* Project object */;
			proxyType = 1;
			remoteGlobalIDString = C33D38C920E2AE5A00C42025;
			remoteInfo = emojiDictionary;
		};
		C33D38EA20E2AE5A00C42025 /* PBXContainerItemProxy */ = {
			isa = PBXContainerItemProxy;
			containerPortal = C33D38C220E2AE5A00C42025 /* Project object */;
			proxyType = 1;
			remoteGlobalIDString = C33D38C920E2AE5A00C42025;
			remoteInfo = emojiDictionary;
		};
/* End PBXContainerItemProxy section */

/* Begin PBXFileReference section */
		C33D38CA20E2AE5A00C42025 /* emojiDictionary.app */ = {isa = PBXFileReference; explicitFileType = wrapper.application; includeInIndex = 0; path = emojiDictionary.app; sourceTree = BUILT_PRODUCTS_DIR; };
		C33D38CD20E2AE5A00C42025 /* AppDelegate.swift */ = {isa = PBXFileReference; lastKnownFileType = sourcecode.swift; path = AppDelegate.swift; sourceTree = "<group>"; };
		C33D38D220E2AE5A00C42025 /* Base */ = {isa = PBXFileReference; lastKnownFileType = file.storyboard; name = Base; path = Base.lproj/Main.storyboard; sourceTree = "<group>"; };
		C33D38D420E2AE5A00C42025 /* Assets.xcassets */ = {isa = PBXFileReference; lastKnownFileType = folder.assetcatalog; path = Assets.xcassets; sourceTree = "<group>"; };
		C33D38D720E2AE5A00C42025 /* Base */ = {isa = PBXFileReference; lastKnownFileType = file.storyboard; name = Base; path = Base.lproj/LaunchScreen.storyboard; sourceTree = "<group>"; };
		C33D38D920E2AE5A00C42025 /* Info.plist */ = {isa = PBXFileReference; lastKnownFileType = text.plist.xml; path = Info.plist; sourceTree = "<group>"; };
		C33D38DE20E2AE5A00C42025 /* emojiDictionaryTests.xctest */ = {isa = PBXFileReference; explicitFileType = wrapper.cfbundle; includeInIndex = 0; path = emojiDictionaryTests.xctest; sourceTree = BUILT_PRODUCTS_DIR; };
		C33D38E220E2AE5A00C42025 /* emojiDictionaryTests.swift */ = {isa = PBXFileReference; lastKnownFileType = sourcecode.swift; path = emojiDictionaryTests.swift; sourceTree = "<group>"; };
		C33D38E420E2AE5A00C42025 /* Info.plist */ = {isa = PBXFileReference; lastKnownFileType = text.plist.xml; path = Info.plist; sourceTree = "<group>"; };
		C33D38E920E2AE5A00C42025 /* emojiDictionaryUITests.xctest */ = {isa = PBXFileReference; explicitFileType = wrapper.cfbundle; includeInIndex = 0; path = emojiDictionaryUITests.xctest; sourceTree = BUILT_PRODUCTS_DIR; };
		C33D38ED20E2AE5A00C42025 /* emojiDictionaryUITests.swift */ = {isa = PBXFileReference; lastKnownFileType = sourcecode.swift; path = emojiDictionaryUITests.swift; sourceTree = "<group>"; };
		C33D38EF20E2AE5A00C42025 /* Info.plist */ = {isa = PBXFileReference; lastKnownFileType = text.plist.xml; path = Info.plist; sourceTree = "<group>"; };
		C33D38FD20E2B62600C42025 /* Emoji.swift */ = {isa = PBXFileReference; lastKnownFileType = sourcecode.swift; path = Emoji.swift; sourceTree = "<group>"; };
		C33D390120E2BC1100C42025 /* EmojiTableViewController.swift */ = {isa = PBXFileReference; lastKnownFileType = sourcecode.swift; name = EmojiTableViewController.swift; path = ../EmojiTableViewController.swift; sourceTree = "<group>"; };
/* End PBXFileReference section */

/* Begin PBXFrameworksBuildPhase section */
		C33D38C720E2AE5A00C42025 /* Frameworks */ = {
			isa = PBXFrameworksBuildPhase;
			buildActionMask = 2147483647;
			files = (
			);
			runOnlyForDeploymentPostprocessing = 0;
		};
		C33D38DB20E2AE5A00C42025 /* Frameworks */ = {
			isa = PBXFrameworksBuildPhase;
			buildActionMask = 2147483647;
			files = (
			);
			runOnlyForDeploymentPostprocessing = 0;
		};
		C33D38E620E2AE5A00C42025 /* Frameworks */ = {
			isa = PBXFrameworksBuildPhase;
			buildActionMask = 2147483647;
			files = (
			);
			runOnlyForDeploymentPostprocessing = 0;
		};
/* End PBXFrameworksBuildPhase section */

/* Begin PBXGroup section */
		C33D38C120E2AE5A00C42025 = {
			isa = PBXGroup;
			children = (
				C33D38CC20E2AE5A00C42025 /* emojiDictionary */,
				C33D38E120E2AE5A00C42025 /* emojiDictionaryTests */,
				C33D38EC20E2AE5A00C42025 /* emojiDictionaryUITests */,
				C33D38CB20E2AE5A00C42025 /* Products */,
			);
			sourceTree = "<group>";
		};
		C33D38CB20E2AE5A00C42025 /* Products */ = {
			isa = PBXGroup;
			children = (
				C33D38CA20E2AE5A00C42025 /* emojiDictionary.app */,
				C33D38DE20E2AE5A00C42025 /* emojiDictionaryTests.xctest */,
				C33D38E920E2AE5A00C42025 /* emojiDictionaryUITests.xctest */,
			);
			name = Products;
			sourceTree = "<group>";
		};
		C33D38CC20E2AE5A00C42025 /* emojiDictionary */ = {
			isa = PBXGroup;
			children = (
				C33D390120E2BC1100C42025 /* EmojiTableViewController.swift */,
				C33D38CD20E2AE5A00C42025 /* AppDelegate.swift */,
				C33D38D120E2AE5A00C42025 /* Main.storyboard */,
				C33D38FD20E2B62600C42025 /* Emoji.swift */,
				C33D38D420E2AE5A00C42025 /* Assets.xcassets */,
				C33D38D620E2AE5A00C42025 /* LaunchScreen.storyboard */,
				C33D38D920E2AE5A00C42025 /* Info.plist */,
			);
			path = emojiDictionary;
			sourceTree = "<group>";
		};
		C33D38E120E2AE5A00C42025 /* emojiDictionaryTests */ = {
			isa = PBXGroup;
			children = (
				C33D38E220E2AE5A00C42025 /* emojiDictionaryTests.swift */,
				C33D38E420E2AE5A00C42025 /* Info.plist */,
			);
			path = emojiDictionaryTests;
			sourceTree = "<group>";
		};
		C33D38EC20E2AE5A00C42025 /* emojiDictionaryUITests */ = {
			isa = PBXGroup;
			children = (
				C33D38ED20E2AE5A00C42025 /* emojiDictionaryUITests.swift */,
				C33D38EF20E2AE5A00C42025 /* Info.plist */,
			);
			path = emojiDictionaryUITests;
			sourceTree = "<group>";
		};
/* End PBXGroup section */

/* Begin PBXNativeTarget section */
		C33D38C920E2AE5A00C42025 /* emojiDictionary */ = {
			isa = PBXNativeTarget;
			buildConfigurationList = C33D38F220E2AE5A00C42025 /* Build configuration list for PBXNativeTarget "emojiDictionary" */;
			buildPhases = (
				C33D38C620E2AE5A00C42025 /* Sources */,
				C33D38C720E2AE5A00C42025 /* Frameworks */,
				C33D38C820E2AE5A00C42025 /* Resources */,
			);
			buildRules = (
			);
			dependencies = (
			);
			name = emojiDictionary;
			productName = emojiDictionary;
			productReference = C33D38CA20E2AE5A00C42025 /* emojiDictionary.app */;
			productType = "com.apple.product-type.application";
		};
		C33D38DD20E2AE5A00C42025 /* emojiDictionaryTests */ = {
			isa = PBXNativeTarget;
			buildConfigurationList = C33D38F520E2AE5A00C42025 /* Build configuration list for PBXNativeTarget "emojiDictionaryTests" */;
			buildPhases = (
				C33D38DA20E2AE5A00C42025 /* Sources */,
				C33D38DB20E2AE5A00C42025 /* Frameworks */,
				C33D38DC20E2AE5A00C42025 /* Resources */,
			);
			buildRules = (
			);
			dependencies = (
				C33D38E020E2AE5A00C42025 /* PBXTargetDependency */,
			);
			name = emojiDictionaryTests;
			productName = emojiDictionaryTests;
			productReference = C33D38DE20E2AE5A00C42025 /* emojiDictionaryTests.xctest */;
			productType = "com.apple.product-type.bundle.unit-test";
		};
		C33D38E820E2AE5A00C42025 /* emojiDictionaryUITests */ = {
			isa = PBXNativeTarget;
			buildConfigurationList = C33D38F820E2AE5A00C42025 /* Build configuration list for PBXNativeTarget "emojiDictionaryUITests" */;
			buildPhases = (
				C33D38E520E2AE5A00C42025 /* Sources */,
				C33D38E620E2AE5A00C42025 /* Frameworks */,
				C33D38E720E2AE5A00C42025 /* Resources */,
			);
			buildRules = (
			);
			dependencies = (
				C33D38EB20E2AE5A00C42025 /* PBXTargetDependency */,
			);
			name = emojiDictionaryUITests;
			productName = emojiDictionaryUITests;
			productReference = C33D38E920E2AE5A00C42025 /* emojiDictionaryUITests.xctest */;
			productType = "com.apple.product-type.bundle.ui-testing";
		};
/* End PBXNativeTarget section */

/* Begin PBXProject section */
		C33D38C220E2AE5A00C42025 /* Project object */ = {
			isa = PBXProject;
			attributes = {
				LastSwiftUpdateCheck = 0920;
				LastUpgradeCheck = 0920;
				ORGANIZATIONNAME = Administrator;
				TargetAttributes = {
					C33D38C920E2AE5A00C42025 = {
						CreatedOnToolsVersion = 9.2;
						ProvisioningStyle = Automatic;
					};
					C33D38DD20E2AE5A00C42025 = {
						CreatedOnToolsVersion = 9.2;
						ProvisioningStyle = Automatic;
						TestTargetID = C33D38C920E2AE5A00C42025;
					};
					C33D38E820E2AE5A00C42025 = {
						CreatedOnToolsVersion = 9.2;
						ProvisioningStyle = Automatic;
						TestTargetID = C33D38C920E2AE5A00C42025;
					};
				};
			};
			buildConfigurationList = C33D38C520E2AE5A00C42025 /* Build configuration list for PBXProject "emojiDictionary" */;
			compatibilityVersion = "Xcode 8.0";
			developmentRegion = en;
			hasScannedForEncodings = 0;
			knownRegions = (
				en,
				Base,
			);
			mainGroup = C33D38C120E2AE5A00C42025;
			productRefGroup = C33D38CB20E2AE5A00C42025 /* Products */;
			projectDirPath = "";
			projectRoot = "";
			targets = (
				C33D38C920E2AE5A00C42025 /* emojiDictionary */,
				C33D38DD20E2AE5A00C42025 /* emojiDictionaryTests */,
				C33D38E820E2AE5A00C42025 /* emojiDictionaryUITests */,
			);
		};
/* End PBXProject section */

/* Begin PBXResourcesBuildPhase section */
		C33D38C820E2AE5A00C42025 /* Resources */ = {
			isa = PBXResourcesBuildPhase;
			buildActionMask = 2147483647;
			files = (
				C33D38D820E2AE5A00C42025 /* LaunchScreen.storyboard in Resources */,
				C33D38D520E2AE5A00C42025 /* Assets.xcassets in Resources */,
				C33D38D320E2AE5A00C42025 /* Main.storyboard in Resources */,
			);
			runOnlyForDeploymentPostprocessing = 0;
		};
		C33D38DC20E2AE5A00C42025 /* Resources */ = {
			isa = PBXResourcesBuildPhase;
			buildActionMask = 2147483647;
			files = (
			);
			runOnlyForDeploymentPostprocessing = 0;
		};
		C33D38E720E2AE5A00C42025 /* Resources */ = {
			isa = PBXResourcesBuildPhase;
			buildActionMask = 2147483647;
			files = (
			);
			runOnlyForDeploymentPostprocessing = 0;
		};
/* End PBXResourcesBuildPhase section */

/* Begin PBXSourcesBuildPhase section */
		C33D38C620E2AE5A00C42025 /* Sources */ = {
			isa = PBXSourcesBuildPhase;
			buildActionMask = 2147483647;
			files = (
				C33D38FE20E2B62600C42025 /* Emoji.swift in Sources */,
				C33D390220E2BC1100C42025 /* EmojiTableViewController.swift in Sources */,
				C33D38CE20E2AE5A00C42025 /* AppDelegate.swift in Sources */,
			);
			runOnlyForDeploymentPostprocessing = 0;
		};
		C33D38DA20E2AE5A00C42025 /* Sources */ = {
			isa = PBXSourcesBuildPhase;
			buildActionMask = 2147483647;
			files = (
				C33D38E320E2AE5A00C42025 /* emojiDictionaryTests.swift in Sources */,
			);
			runOnlyForDeploymentPostprocessing = 0;
		};
		C33D38E520E2AE5A00C42025 /* Sources */ = {
			isa = PBXSourcesBuildPhase;
			buildActionMask = 2147483647;
			files = (
				C33D38EE20E2AE5A00C42025 /* emojiDictionaryUITests.swift in Sources */,
			);
			runOnlyForDeploymentPostprocessing = 0;
		};
/* End PBXSourcesBuildPhase section */

/* Begin PBXTargetDependency section */
		C33D38E020E2AE5A00C42025 /* PBXTargetDependency */ = {
			isa = PBXTargetDependency;
			target = C33D38C920E2AE5A00C42025 /* emojiDictionary */;
			targetProxy = C33D38DF20E2AE5A00C42025 /* PBXContainerItemProxy */;
		};
		C33D38EB20E2AE5A00C42025 /* PBXTargetDependency */ = {
			isa = PBXTargetDependency;
			target = C33D38C920E2AE5A00C42025 /* emojiDictionary */;
			targetProxy = C33D38EA20E2AE5A00C42025 /* PBXContainerItemProxy */;
		};
/* End PBXTargetDependency section */

/* Begin PBXVariantGroup section */
		C33D38D120E2AE5A00C42025 /* Main.storyboard */ = {
			isa = PBXVariantGroup;
			children = (
				C33D38D220E2AE5A00C42025 /* Base */,
			);
			name = Main.storyboard;
			sourceTree = "<group>";
		};
		C33D38D620E2AE5A00C42025 /* LaunchScreen.storyboard */ = {
			isa = PBXVariantGroup;
			children = (
				C33D38D720E2AE5A00C42025 /* Base */,
			);
			name = LaunchScreen.storyboard;
			sourceTree = "<group>";
		};
/* End PBXVariantGroup section */

/* Begin XCBuildConfiguration section */
		C33D38F020E2AE5A00C42025 /* Debug */ = {
			isa = XCBuildConfiguration;
			buildSettings = {
				ALWAYS_SEARCH_USER_PATHS = NO;
				CLANG_ANALYZER_NONNULL = YES;
				CLANG_ANALYZER_NUMBER_OBJECT_CONVERSION = YES_AGGRESSIVE;
				CLANG_CXX_LANGUAGE_STANDARD = "gnu++14";
				CLANG_CXX_LIBRARY = "libc++";
				CLANG_ENABLE_MODULES = YES;
				CLANG_ENABLE_OBJC_ARC = YES;
				CLANG_WARN_BLOCK_CAPTURE_AUTORELEASING = YES;
				CLANG_WARN_BOOL_CONVERSION = YES;
				CLANG_WARN_COMMA = YES;
				CLANG_WARN_CONSTANT_CONVERSION = YES;
				CLANG_WARN_DIRECT_OBJC_ISA_USAGE = YES_ERROR;
				CLANG_WARN_DOCUMENTATION_COMMENTS = YES;
				CLANG_WARN_EMPTY_BODY = YES;
				CLANG_WARN_ENUM_CONVERSION = YES;
				CLANG_WARN_INFINITE_RECURSION = YES;
				CLANG_WARN_INT_CONVERSION = YES;
				CLANG_WARN_NON_LITERAL_NULL_CONVERSION = YES;
				CLANG_WARN_OBJC_LITERAL_CONVERSION = YES;
				CLANG_WARN_OBJC_ROOT_CLASS = YES_ERROR;
				CLANG_WARN_RANGE_LOOP_ANALYSIS = YES;
				CLANG_WARN_STRICT_PROTOTYPES = YES;
				CLANG_WARN_SUSPICIOUS_MOVE = YES;
				CLANG_WARN_UNGUARDED_AVAILABILITY = YES_AGGRESSIVE;
				CLANG_WARN_UNREACHABLE_CODE = YES;
				CLANG_WARN__DUPLICATE_METHOD_MATCH = YES;
				CODE_SIGN_IDENTITY = "iPhone Developer";
				COPY_PHASE_STRIP = NO;
				DEBUG_INFORMATION_FORMAT = dwarf;
				ENABLE_STRICT_OBJC_MSGSEND = YES;
				ENABLE_TESTABILITY = YES;
				GCC_C_LANGUAGE_STANDARD = gnu11;
				GCC_DYNAMIC_NO_PIC = NO;
				GCC_NO_COMMON_BLOCKS = YES;
				GCC_OPTIMIZATION_LEVEL = 0;
				GCC_PREPROCESSOR_DEFINITIONS = (
					"DEBUG=1",
					"$(inherited)",
				);
				GCC_WARN_64_TO_32_BIT_CONVERSION = YES;
				GCC_WARN_ABOUT_RETURN_TYPE = YES_ERROR;
				GCC_WARN_UNDECLARED_SELECTOR = YES;
				GCC_WARN_UNINITIALIZED_AUTOS = YES_AGGRESSIVE;
				GCC_WARN_UNUSED_FUNCTION = YES;
				GCC_WARN_UNUSED_VARIABLE = YES;
				IPHONEOS_DEPLOYMENT_TARGET = 11.2;
				MTL_ENABLE_DEBUG_INFO = YES;
				ONLY_ACTIVE_ARCH = YES;
				SDKROOT = iphoneos;
				SWIFT_ACTIVE_COMPILATION_CONDITIONS = DEBUG;
				SWIFT_OPTIMIZATION_LEVEL = "-Onone";
			};
			name = Debug;
		};
		C33D38F120E2AE5A00C42025 /* Release */ = {
			isa = XCBuildConfiguration;
			buildSettings = {
				ALWAYS_SEARCH_USER_PATHS = NO;
				CLANG_ANALYZER_NONNULL = YES;
				CLANG_ANALYZER_NUMBER_OBJECT_CONVERSION = YES_AGGRESSIVE;
				CLANG_CXX_LANGUAGE_STANDARD = "gnu++14";
				CLANG_CXX_LIBRARY = "libc++";
				CLANG_ENABLE_MODULES = YES;
				CLANG_ENABLE_OBJC_ARC = YES;
				CLANG_WARN_BLOCK_CAPTURE_AUTORELEASING = YES;
				CLANG_WARN_BOOL_CONVERSION = YES;
				CLANG_WARN_COMMA = YES;
				CLANG_WARN_CONSTANT_CONVERSION = YES;
				CLANG_WARN_DIRECT_OBJC_ISA_USAGE = YES_ERROR;
				CLANG_WARN_DOCUMENTATION_COMMENTS = YES;
				CLANG_WARN_EMPTY_BODY = YES;
				CLANG_WARN_ENUM_CONVERSION = YES;
				CLANG_WARN_INFINITE_RECURSION = YES;
				CLANG_WARN_INT_CONVERSION = YES;
				CLANG_WARN_NON_LITERAL_NULL_CONVERSION = YES;
				CLANG_WARN_OBJC_LITERAL_CONVERSION = YES;
				CLANG_WARN_OBJC_ROOT_CLASS = YES_ERROR;
				CLANG_WARN_RANGE_LOOP_ANALYSIS = YES;
				CLANG_WARN_STRICT_PROTOTYPES = YES;
				CLANG_WARN_SUSPICIOUS_MOVE = YES;
				CLANG_WARN_UNGUARDED_AVAILABILITY = YES_AGGRESSIVE;
				CLANG_WARN_UNREACHABLE_CODE = YES;
				CLANG_WARN__DUPLICATE_METHOD_MATCH = YES;
				CODE_SIGN_IDENTITY = "iPhone Developer";
				COPY_PHASE_STRIP = NO;
				DEBUG_INFORMATION_FORMAT = "dwarf-with-dsym";
				ENABLE_NS_ASSERTIONS = NO;
				ENABLE_STRICT_OBJC_MSGSEND = YES;
				GCC_C_LANGUAGE_STANDARD = gnu11;
				GCC_NO_COMMON_BLOCKS = YES;
				GCC_WARN_64_TO_32_BIT_CONVERSION = YES;
				GCC_WARN_ABOUT_RETURN_TYPE = YES_ERROR;
				GCC_WARN_UNDECLARED_SELECTOR = YES;
				GCC_WARN_UNINITIALIZED_AUTOS = YES_AGGRESSIVE;
				GCC_WARN_UNUSED_FUNCTION = YES;
				GCC_WARN_UNUSED_VARIABLE = YES;
				IPHONEOS_DEPLOYMENT_TARGET = 11.2;
				MTL_ENABLE_DEBUG_INFO = NO;
				SDKROOT = iphoneos;
				SWIFT_OPTIMIZATION_LEVEL = "-Owholemodule";
				VALIDATE_PRODUCT = YES;
			};
			name = Release;
		};
		C33D38F320E2AE5A00C42025 /* Debug */ = {
			isa = XCBuildConfiguration;
			buildSettings = {
				ASSETCATALOG_COMPILER_APPICON_NAME = AppIcon;
				CODE_SIGN_STYLE = Automatic;
				DEVELOPMENT_TEAM = RA9DLL2932;
				INFOPLIST_FILE = emojiDictionary/Info.plist;
				IPHONEOS_DEPLOYMENT_TARGET = 10.3;
				LD_RUNPATH_SEARCH_PATHS = "$(inherited) @executable_path/Frameworks";
				PRODUCT_BUNDLE_IDENTIFIER = leemi.emojiDictionary;
				PRODUCT_NAME = "$(TARGET_NAME)";
				SWIFT_VERSION = 4.0;
				TARGETED_DEVICE_FAMILY = "1,2";
			};
			name = Debug;
		};
		C33D38F420E2AE5A00C42025 /* Release */ = {
			isa = XCBuildConfiguration;
			buildSettings = {
				ASSETCATALOG_COMPILER_APPICON_NAME = AppIcon;
				CODE_SIGN_STYLE = Automatic;
				DEVELOPMENT_TEAM = RA9DLL2932;
				INFOPLIST_FILE = emojiDictionary/Info.plist;
				IPHONEOS_DEPLOYMENT_TARGET = 10.3;
				LD_RUNPATH_SEARCH_PATHS = "$(inherited) @executable_path/Frameworks";
				PRODUCT_BUNDLE_IDENTIFIER = leemi.emojiDictionary;
				PRODUCT_NAME = "$(TARGET_NAME)";
				SWIFT_VERSION = 4.0;
				TARGETED_DEVICE_FAMILY = "1,2";
			};
			name = Release;
		};
		C33D38F620E2AE5A00C42025 /* Debug */ = {
			isa = XCBuildConfiguration;
			buildSettings = {
				ALWAYS_EMBED_SWIFT_STANDARD_LIBRARIES = YES;
				BUNDLE_LOADER = "$(TEST_HOST)";
				CODE_SIGN_STYLE = Automatic;
				DEVELOPMENT_TEAM = RA9DLL2932;
				INFOPLIST_FILE = emojiDictionaryTests/Info.plist;
				LD_RUNPATH_SEARCH_PATHS = "$(inherited) @executable_path/Frameworks @loader_path/Frameworks";
				PRODUCT_BUNDLE_IDENTIFIER = leemi.emojiDictionaryTests;
				PRODUCT_NAME = "$(TARGET_NAME)";
				SWIFT_VERSION = 4.0;
				TARGETED_DEVICE_FAMILY = "1,2";
				TEST_HOST = "$(BUILT_PRODUCTS_DIR)/emojiDictionary.app/emojiDictionary";
			};
			name = Debug;
		};
		C33D38F720E2AE5A00C42025 /* Release */ = {
			isa = XCBuildConfiguration;
			buildSettings = {
				ALWAYS_EMBED_SWIFT_STANDARD_LIBRARIES = YES;
				BUNDLE_LOADER = "$(TEST_HOST)";
				CODE_SIGN_STYLE = Automatic;
				DEVELOPMENT_TEAM = RA9DLL2932;
				INFOPLIST_FILE = emojiDictionaryTests/Info.plist;
				LD_RUNPATH_SEARCH_PATHS = "$(inherited) @executable_path/Frameworks @loader_path/Frameworks";
				PRODUCT_BUNDLE_IDENTIFIER = leemi.emojiDictionaryTests;
				PRODUCT_NAME = "$(TARGET_NAME)";
				SWIFT_VERSION = 4.0;
				TARGETED_DEVICE_FAMILY = "1,2";
				TEST_HOST = "$(BUILT_PRODUCTS_DIR)/emojiDictionary.app/emojiDictionary";
			};
			name = Release;
		};
		C33D38F920E2AE5A00C42025 /* Debug */ = {
			isa = XCBuildConfiguration;
			buildSettings = {
				ALWAYS_EMBED_SWIFT_STANDARD_LIBRARIES = YES;
				CODE_SIGN_STYLE = Automatic;
				DEVELOPMENT_TEAM = RA9DLL2932;
				INFOPLIST_FILE = emojiDictionaryUITests/Info.plist;
				LD_RUNPATH_SEARCH_PATHS = "$(inherited) @executable_path/Frameworks @loader_path/Frameworks";
				PRODUCT_BUNDLE_IDENTIFIER = leemi.emojiDictionaryUITests;
				PRODUCT_NAME = "$(TARGET_NAME)";
				SWIFT_VERSION = 4.0;
				TARGETED_DEVICE_FAMILY = "1,2";
				TEST_TARGET_NAME = emojiDictionary;
			};
			name = Debug;
		};
		C33D38FA20E2AE5A00C42025 /* Release */ = {
			isa = XCBuildConfiguration;
			buildSettings = {
				ALWAYS_EMBED_SWIFT_STANDARD_LIBRARIES = YES;
				CODE_SIGN_STYLE = Automatic;
				DEVELOPMENT_TEAM = RA9DLL2932;
				INFOPLIST_FILE = emojiDictionaryUITests/Info.plist;
				LD_RUNPATH_SEARCH_PATHS = "$(inherited) @executable_path/Frameworks @loader_path/Frameworks";
				PRODUCT_BUNDLE_IDENTIFIER = leemi.emojiDictionaryUITests;
				PRODUCT_NAME = "$(TARGET_NAME)";
				SWIFT_VERSION = 4.0;
				TARGETED_DEVICE_FAMILY = "1,2";
				TEST_TARGET_NAME = emojiDictionary;
			};
			name = Release;
		};
/* End XCBuildConfiguration section */

/* Begin XCConfigurationList section */
		C33D38C520E2AE5A00C42025 /* Build configuration list for PBXProject "emojiDictionary" */ = {
			isa = XCConfigurationList;
			buildConfigurations = (
				C33D38F020E2AE5A00C42025 /* Debug */,
				C33D38F120E2AE5A00C42025 /* Release */,
			);
			defaultConfigurationIsVisible = 0;
			defaultConfigurationName = Release;
		};
		C33D38F220E2AE5A00C42025 /* Build configuration list for PBXNativeTarget "emojiDictionary" */ = {
			isa = XCConfigurationList;
			buildConfigurations = (
				C33D38F320E2AE5A00C42025 /* Debug */,
				C33D38F420E2AE5A00C42025 /* Release */,
			);
			defaultConfigurationIsVisible = 0;
			defaultConfigurationName = Release;
		};
		C33D38F520E2AE5A00C42025 /* Build configuration list for PBXNativeTarget "emojiDictionaryTests" */ = {
			isa = XCConfigurationList;
			buildConfigurations = (
				C33D38F620E2AE5A00C42025 /* Debug */,
				C33D38F720E2AE5A00C42025 /* Release */,
			);
			defaultConfigurationIsVisible = 0;
			defaultConfigurationName = Release;
		};
		C33D38F820E2AE5A00C42025 /* Build configuration list for PBXNativeTarget "emojiDictionaryUITests" */ = {
			isa = XCConfigurationList;
			buildConfigurations = (
				C33D38F920E2AE5A00C42025 /* Debug */,
				C33D38FA20E2AE5A00C42025 /* Release */,
			);
			defaultConfigurationIsVisible = 0;
			defaultConfigurationName = Release;
		};
/* End XCConfigurationList section */
	};
	rootObject = C33D38C220E2AE5A00C42025 /* Project object */;
}
